
Microsoft Visual Studio Solution File, Format Version 12.00
# Visual Studio Version 16
VisualStudioVersion = 16.0.30114.105
MinimumVisualStudioVersion = 10.0.40219.1
Project("{9A19103F-16F7-4668-BE54-9A1E7A4F7556}") = "BoltTest.Entities", "BoltTest.Entities\BoltTest.Entities.csproj", "{A79E3120-1024-4FC6-9B03-847BF9644CE1}"
EndProject
Project("{9A19103F-16F7-4668-BE54-9A1E7A4F7556}") = "BoltTest.DAL", "BoltTest.DAL\BoltTest.DAL.csproj", "{2DE6C96A-B6EA-493A-9C16-D942E3F45968}"
EndProject
Project("{9A19103F-16F7-4668-BE54-9A1E7A4F7556}") = "BoltTest.BLL", "BoltTest.BLL\BoltTest.BLL.csproj", "{18081CC8-95FC-4AD7-830E-E714C6D464C6}"
EndProject
Project("{9A19103F-16F7-4668-BE54-9A1E7A4F7556}") = "BoltTest.API", "BoltTest.API\BoltTest.API.csproj", "{30615317-6E0F-490A-A975-86F0604226F4}"
EndProject
Project("{9A19103F-16F7-4668-BE54-9A1E7A4F7556}") = "BoltTest.Client", "BoltTest.Client\BoltTest.Client.csproj", "{BBE0CC33-23DD-4D55-AC1E-BA14FFF03C7A}"
EndProject
Project("{9A19103F-16F7-4668-BE54-9A1E7A4F7556}") = "BoltTest.Core", "BoltTest.Core\BoltTest.Core.csproj", "{E5BDCA99-8871-49C2-A0DA-FDD12FDCB583}"
EndProject
Project("{9A19103F-16F7-4668-BE54-9A1E7A4F7556}") = "BoltTest.Tests", "BoltTest.Tests\BoltTest.Tests.csproj", "{20ADFF87-8BDB-45CD-A156-F9E0B4B9C1E8}"
EndProject
Project("{9A19103F-16F7-4668-BE54-9A1E7A4F7556}") = "BoltTest.Spa", "BoltTest.Spa\BoltTest.Spa.csproj", "{A6C73924-C8D2-4053-87B1-5408B62D4B1F}"
EndProject
Global
	GlobalSection(SolutionConfigurationPlatforms) = preSolution
		Debug|Any CPU = Debug|Any CPU
		Release|Any CPU = Release|Any CPU
	EndGlobalSection
	GlobalSection(ProjectConfigurationPlatforms) = postSolution
		{A79E3120-1024-4FC6-9B03-847BF9644CE1}.Debug|Any CPU.ActiveCfg = Debug|Any CPU
		{A79E3120-1024-4FC6-9B03-847BF9644CE1}.Debug|Any CPU.Build.0 = Debug|Any CPU
		{A79E3120-1024-4FC6-9B03-847BF9644CE1}.Release|Any CPU.ActiveCfg = Release|Any CPU
		{A79E3120-1024-4FC6-9B03-847BF9644CE1}.Release|Any CPU.Build.0 = Release|Any CPU
		{2DE6C96A-B6EA-493A-9C16-D942E3F45968}.Debug|Any CPU.ActiveCfg = Debug|Any CPU
		{2DE6C96A-B6EA-493A-9C16-D942E3F45968}.Debug|Any CPU.Build.0 = Debug|Any CPU
		{2DE6C96A-B6EA-493A-9C16-D942E3F45968}.Release|Any CPU.ActiveCfg = Release|Any CPU
		{2DE6C96A-B6EA-493A-9C16-D942E3F45968}.Release|Any CPU.Build.0 = Release|Any CPU
		{18081CC8-95FC-4AD7-830E-E714C6D464C6}.Debug|Any CPU.ActiveCfg = Debug|Any CPU
		{18081CC8-95FC-4AD7-830E-E714C6D464C6}.Debug|Any CPU.Build.0 = Debug|Any CPU
		{18081CC8-95FC-4AD7-830E-E714C6D464C6}.Release|Any CPU.ActiveCfg = Release|Any CPU
		{18081CC8-95FC-4AD7-830E-E714C6D464C6}.Release|Any CPU.Build.0 = Release|Any CPU
		{30615317-6E0F-490A-A975-86F0604226F4}.Debug|Any CPU.ActiveCfg = Debug|Any CPU
		{30615317-6E0F-490A-A975-86F0604226F4}.Debug|Any CPU.Build.0 = Debug|Any CPU
		{30615317-6E0F-490A-A975-86F0604226F4}.Release|Any CPU.ActiveCfg = Release|Any CPU
		{30615317-6E0F-490A-A975-86F0604226F4}.Release|Any CPU.Build.0 = Release|Any CPU
		{BBE0CC33-23DD-4D55-AC1E-BA14FFF03C7A}.Debug|Any CPU.ActiveCfg = Debug|Any CPU
		{BBE0CC33-23DD-4D55-AC1E-BA14FFF03C7A}.Debug|Any CPU.Build.0 = Debug|Any CPU
		{BBE0CC33-23DD-4D55-AC1E-BA14FFF03C7A}.Release|Any CPU.ActiveCfg = Release|Any CPU
		{BBE0CC33-23DD-4D55-AC1E-BA14FFF03C7A}.Release|Any CPU.Build.0 = Release|Any CPU
		{E5BDCA99-8871-49C2-A0DA-FDD12FDCB583}.Debug|Any CPU.ActiveCfg = Debug|Any CPU
		{E5BDCA99-8871-49C2-A0DA-FDD12FDCB583}.Debug|Any CPU.Build.0 = Debug|Any CPU
		{E5BDCA99-8871-49C2-A0DA-FDD12FDCB583}.Release|Any CPU.ActiveCfg = Release|Any CPU
		{E5BDCA99-8871-49C2-A0DA-FDD12FDCB583}.Release|Any CPU.Build.0 = Release|Any CPU
		{20ADFF87-8BDB-45CD-A156-F9E0B4B9C1E8}.Debug|Any CPU.ActiveCfg = Debug|Any CPU
		{20ADFF87-8BDB-45CD-A156-F9E0B4B9C1E8}.Debug|Any CPU.Build.0 = Debug|Any CPU
		{20ADFF87-8BDB-45CD-A156-F9E0B4B9C1E8}.Release|Any CPU.ActiveCfg = Release|Any CPU
		{20ADFF87-8BDB-45CD-A156-F9E0B4B9C1E8}.Release|Any CPU.Build.0 = Release|Any CPU
		{A6C73924-C8D2-4053-87B1-5408B62D4B1F}.Debug|Any CPU.ActiveCfg = Debug|Any CPU
		{A6C73924-C8D2-4053-87B1-5408B62D4B1F}.Debug|Any CPU.Build.0 = Debug|Any CPU
		{A6C73924-C8D2-4053-87B1-5408B62D4B1F}.Release|Any CPU.ActiveCfg = Release|Any CPU
		{A6C73924-C8D2-4053-87B1-5408B62D4B1F}.Release|Any CPU.Build.0 = Release|Any CPU
	EndGlobalSection
	GlobalSection(SolutionProperties) = preSolution
		HideSolutionNode = FALSE
	EndGlobalSection
	GlobalSection(ExtensibilityGlobals) = postSolution
		SolutionGuid = {E328D135-0B24-4631-BCDF-1F75D0F955EB}
	EndGlobalSection
EndGlobal
